
Microsoft Visual Studio Solution File, Format Version 12.00
# Visual Studio 15
VisualStudioVersion = 15.0.26403.7
MinimumVisualStudioVersion = 10.0.40219.1
Project("{FAE04EC0-301F-11D3-BF4B-00C04F79EFBC}") = "Demo", "Demo\Demo.csproj", "{8DFADA02-EE20-430E-8882-959E0D9D599B}"
EndProject
Project("{FAE04EC0-301F-11D3-BF4B-00C04F79EFBC}") = "Oiler", "HelixDemo\Oiler.csproj", "{C11C4FE1-A01A-4E65-80F5-6BA7C081E46B}"
EndProject
Project("{FAE04EC0-301F-11D3-BF4B-00C04F79EFBC}") = "Oiler.ChartControls", "ChartControls\Oiler.ChartControls.csproj", "{CBF8605C-8DAC-4CBB-9A1E-D798D83B277E}"
EndProject
Project("{FAE04EC0-301F-11D3-BF4B-00C04F79EFBC}") = "Oiler.Infrastructure", "Oiler.Infrastructure\Oiler.Infrastructure.csproj", "{68BC208D-FEF9-4403-8768-C774CC9889B0}"
EndProject
Project("{FAE04EC0-301F-11D3-BF4B-00C04F79EFBC}") = "Oiler.3D", "Oiler.3D\Oiler.3D.csproj", "{B1D30055-CC23-46F5-A3CE-82CA5740DEB0}"
EndProject
Project("{FAE04EC0-301F-11D3-BF4B-00C04F79EFBC}") = "ExampleBrowser", "ExampleBrowser\ExampleBrowser.csproj", "{991A4C2B-D830-41CB-A810-047ADCF69219}"
EndProject
Project("{2150E333-8FDC-42A3-9474-1A3956D46DE8}") = "Algo", "Algo", "{3D37DFBB-662D-4081-965F-67AA61C58CFD}"
EndProject
Project("{8BC9CEB8-8B4A-11D0-8D11-00A0C91BC942}") = "Oiler.Algo.Cpp", "Oiler.Algo.Cpp\Oiler.Algo.Cpp.vcxproj", "{4AA96F39-018A-4BE3-8262-58F23E136718}"
EndProject
Project("{8BC9CEB8-8B4A-11D0-8D11-00A0C91BC942}") = "Oiler.Algo.CLI", "Oiler.Algo.CLI\Oiler.Algo.CLI.vcxproj", "{08C67D86-B660-499F-AA3B-217DB6EBA0D5}"
EndProject
Global
	GlobalSection(SolutionConfigurationPlatforms) = preSolution
		Debug|Any CPU = Debug|Any CPU
		Debug|x64 = Debug|x64
		Debug|x86 = Debug|x86
		Release|Any CPU = Release|Any CPU
		Release|x64 = Release|x64
		Release|x86 = Release|x86
	EndGlobalSection
	GlobalSection(ProjectConfigurationPlatforms) = postSolution
		{8DFADA02-EE20-430E-8882-959E0D9D599B}.Debug|Any CPU.ActiveCfg = Debug|Any CPU
		{8DFADA02-EE20-430E-8882-959E0D9D599B}.Debug|Any CPU.Build.0 = Debug|Any CPU
		{8DFADA02-EE20-430E-8882-959E0D9D599B}.Debug|x64.ActiveCfg = Debug|Any CPU
		{8DFADA02-EE20-430E-8882-959E0D9D599B}.Debug|x86.ActiveCfg = Debug|Any CPU
		{8DFADA02-EE20-430E-8882-959E0D9D599B}.Release|Any CPU.ActiveCfg = Release|Any CPU
		{8DFADA02-EE20-430E-8882-959E0D9D599B}.Release|Any CPU.Build.0 = Release|Any CPU
		{8DFADA02-EE20-430E-8882-959E0D9D599B}.Release|x64.ActiveCfg = Release|Any CPU
		{8DFADA02-EE20-430E-8882-959E0D9D599B}.Release|x86.ActiveCfg = Release|Any CPU
		{C11C4FE1-A01A-4E65-80F5-6BA7C081E46B}.Debug|Any CPU.ActiveCfg = Debug|Any CPU
		{C11C4FE1-A01A-4E65-80F5-6BA7C081E46B}.Debug|Any CPU.Build.0 = Debug|Any CPU
		{C11C4FE1-A01A-4E65-80F5-6BA7C081E46B}.Debug|x64.ActiveCfg = Debug|Any CPU
		{C11C4FE1-A01A-4E65-80F5-6BA7C081E46B}.Debug|x64.Build.0 = Debug|Any CPU
		{C11C4FE1-A01A-4E65-80F5-6BA7C081E46B}.Debug|x86.ActiveCfg = Debug|Any CPU
		{C11C4FE1-A01A-4E65-80F5-6BA7C081E46B}.Debug|x86.Build.0 = Debug|Any CPU
		{C11C4FE1-A01A-4E65-80F5-6BA7C081E46B}.Release|Any CPU.ActiveCfg = Release|Any CPU
		{C11C4FE1-A01A-4E65-80F5-6BA7C081E46B}.Release|Any CPU.Build.0 = Release|Any CPU
		{C11C4FE1-A01A-4E65-80F5-6BA7C081E46B}.Release|x64.ActiveCfg = Release|Any CPU
		{C11C4FE1-A01A-4E65-80F5-6BA7C081E46B}.Release|x64.Build.0 = Release|Any CPU
		{C11C4FE1-A01A-4E65-80F5-6BA7C081E46B}.Release|x86.ActiveCfg = Release|Any CPU
		{C11C4FE1-A01A-4E65-80F5-6BA7C081E46B}.Release|x86.Build.0 = Release|Any CPU
		{CBF8605C-8DAC-4CBB-9A1E-D798D83B277E}.Debug|Any CPU.ActiveCfg = Debug|Any CPU
		{CBF8605C-8DAC-4CBB-9A1E-D798D83B277E}.Debug|Any CPU.Build.0 = Debug|Any CPU
		{CBF8605C-8DAC-4CBB-9A1E-D798D83B277E}.Debug|x64.ActiveCfg = Debug|Any CPU
		{CBF8605C-8DAC-4CBB-9A1E-D798D83B277E}.Debug|x64.Build.0 = Debug|Any CPU
		{CBF8605C-8DAC-4CBB-9A1E-D798D83B277E}.Debug|x86.ActiveCfg = Debug|Any CPU
		{CBF8605C-8DAC-4CBB-9A1E-D798D83B277E}.Debug|x86.Build.0 = Debug|Any CPU
		{CBF8605C-8DAC-4CBB-9A1E-D798D83B277E}.Release|Any CPU.ActiveCfg = Release|Any CPU
		{CBF8605C-8DAC-4CBB-9A1E-D798D83B277E}.Release|Any CPU.Build.0 = Release|Any CPU
		{CBF8605C-8DAC-4CBB-9A1E-D798D83B277E}.Release|x64.ActiveCfg = Release|Any CPU
		{CBF8605C-8DAC-4CBB-9A1E-D798D83B277E}.Release|x64.Build.0 = Release|Any CPU
		{CBF8605C-8DAC-4CBB-9A1E-D798D83B277E}.Release|x86.ActiveCfg = Release|Any CPU
		{CBF8605C-8DAC-4CBB-9A1E-D798D83B277E}.Release|x86.Build.0 = Release|Any CPU
		{68BC208D-FEF9-4403-8768-C774CC9889B0}.Debug|Any CPU.ActiveCfg = Debug|Any CPU
		{68BC208D-FEF9-4403-8768-C774CC9889B0}.Debug|Any CPU.Build.0 = Debug|Any CPU
		{68BC208D-FEF9-4403-8768-C774CC9889B0}.Debug|x64.ActiveCfg = Debug|Any CPU
		{68BC208D-FEF9-4403-8768-C774CC9889B0}.Debug|x64.Build.0 = Debug|Any CPU
		{68BC208D-FEF9-4403-8768-C774CC9889B0}.Debug|x86.ActiveCfg = Debug|Any CPU
		{68BC208D-FEF9-4403-8768-C774CC9889B0}.Debug|x86.Build.0 = Debug|Any CPU
		{68BC208D-FEF9-4403-8768-C774CC9889B0}.Release|Any CPU.ActiveCfg = Release|Any CPU
		{68BC208D-FEF9-4403-8768-C774CC9889B0}.Release|Any CPU.Build.0 = Release|Any CPU
		{68BC208D-FEF9-4403-8768-C774CC9889B0}.Release|x64.ActiveCfg = Release|Any CPU
		{68BC208D-FEF9-4403-8768-C774CC9889B0}.Release|x64.Build.0 = Release|Any CPU
		{68BC208D-FEF9-4403-8768-C774CC9889B0}.Release|x86.ActiveCfg = Release|Any CPU
		{68BC208D-FEF9-4403-8768-C774CC9889B0}.Release|x86.Build.0 = Release|Any CPU
		{B1D30055-CC23-46F5-A3CE-82CA5740DEB0}.Debug|Any CPU.ActiveCfg = Debug|Any CPU
		{B1D30055-CC23-46F5-A3CE-82CA5740DEB0}.Debug|Any CPU.Build.0 = Debug|Any CPU
		{B1D30055-CC23-46F5-A3CE-82CA5740DEB0}.Debug|x64.ActiveCfg = Debug|Any CPU
		{B1D30055-CC23-46F5-A3CE-82CA5740DEB0}.Debug|x64.Build.0 = Debug|Any CPU
		{B1D30055-CC23-46F5-A3CE-82CA5740DEB0}.Debug|x86.ActiveCfg = Debug|Any CPU
		{B1D30055-CC23-46F5-A3CE-82CA5740DEB0}.Debug|x86.Build.0 = Debug|Any CPU
		{B1D30055-CC23-46F5-A3CE-82CA5740DEB0}.Release|Any CPU.ActiveCfg = Release|Any CPU
		{B1D30055-CC23-46F5-A3CE-82CA5740DEB0}.Release|Any CPU.Build.0 = Release|Any CPU
		{B1D30055-CC23-46F5-A3CE-82CA5740DEB0}.Release|x64.ActiveCfg = Release|Any CPU
		{B1D30055-CC23-46F5-A3CE-82CA5740DEB0}.Release|x64.Build.0 = Release|Any CPU
		{B1D30055-CC23-46F5-A3CE-82CA5740DEB0}.Release|x86.ActiveCfg = Release|Any CPU
		{B1D30055-CC23-46F5-A3CE-82CA5740DEB0}.Release|x86.Build.0 = Release|Any CPU
		{991A4C2B-D830-41CB-A810-047ADCF69219}.Debug|Any CPU.ActiveCfg = Debug|Any CPU
		{991A4C2B-D830-41CB-A810-047ADCF69219}.Debug|Any CPU.Build.0 = Debug|Any CPU
		{991A4C2B-D830-41CB-A810-047ADCF69219}.Debug|x64.ActiveCfg = Debug|Any CPU
		{991A4C2B-D830-41CB-A810-047ADCF69219}.Debug|x64.Build.0 = Debug|Any CPU
		{991A4C2B-D830-41CB-A810-047ADCF69219}.Debug|x86.ActiveCfg = Debug|Any CPU
		{991A4C2B-D830-41CB-A810-047ADCF69219}.Debug|x86.Build.0 = Debug|Any CPU
		{991A4C2B-D830-41CB-A810-047ADCF69219}.Release|Any CPU.ActiveCfg = Release|Any CPU
		{991A4C2B-D830-41CB-A810-047ADCF69219}.Release|Any CPU.Build.0 = Release|Any CPU
		{991A4C2B-D830-41CB-A810-047ADCF69219}.Release|x64.ActiveCfg = Release|Any CPU
		{991A4C2B-D830-41CB-A810-047ADCF69219}.Release|x64.Build.0 = Release|Any CPU
		{991A4C2B-D830-41CB-A810-047ADCF69219}.Release|x86.ActiveCfg = Release|Any CPU
		{991A4C2B-D830-41CB-A810-047ADCF69219}.Release|x86.Build.0 = Release|Any CPU
		{4AA96F39-018A-4BE3-8262-58F23E136718}.Debug|Any CPU.ActiveCfg = Debug|Win32
		{4AA96F39-018A-4BE3-8262-58F23E136718}.Debug|x64.ActiveCfg = Debug|x64
		{4AA96F39-018A-4BE3-8262-58F23E136718}.Debug|x64.Build.0 = Debug|x64
		{4AA96F39-018A-4BE3-8262-58F23E136718}.Debug|x86.ActiveCfg = Debug|Win32
		{4AA96F39-018A-4BE3-8262-58F23E136718}.Debug|x86.Build.0 = Debug|Win32
		{4AA96F39-018A-4BE3-8262-58F23E136718}.Release|Any CPU.ActiveCfg = Release|Win32
		{4AA96F39-018A-4BE3-8262-58F23E136718}.Release|x64.ActiveCfg = Release|x64
		{4AA96F39-018A-4BE3-8262-58F23E136718}.Release|x64.Build.0 = Release|x64
		{4AA96F39-018A-4BE3-8262-58F23E136718}.Release|x86.ActiveCfg = Release|Win32
		{4AA96F39-018A-4BE3-8262-58F23E136718}.Release|x86.Build.0 = Release|Win32
		{08C67D86-B660-499F-AA3B-217DB6EBA0D5}.Debug|Any CPU.ActiveCfg = Debug|Win32
		{08C67D86-B660-499F-AA3B-217DB6EBA0D5}.Debug|x64.ActiveCfg = Debug|x64
		{08C67D86-B660-499F-AA3B-217DB6EBA0D5}.Debug|x64.Build.0 = Debug|x64
		{08C67D86-B660-499F-AA3B-217DB6EBA0D5}.Debug|x86.ActiveCfg = Debug|Win32
		{08C67D86-B660-499F-AA3B-217DB6EBA0D5}.Debug|x86.Build.0 = Debug|Win32
		{08C67D86-B660-499F-AA3B-217DB6EBA0D5}.Release|Any CPU.ActiveCfg = Release|Win32
		{08C67D86-B660-499F-AA3B-217DB6EBA0D5}.Release|x64.ActiveCfg = Release|x64
		{08C67D86-B660-499F-AA3B-217DB6EBA0D5}.Release|x64.Build.0 = Release|x64
		{08C67D86-B660-499F-AA3B-217DB6EBA0D5}.Release|x86.ActiveCfg = Release|Win32
		{08C67D86-B660-499F-AA3B-217DB6EBA0D5}.Release|x86.Build.0 = Release|Win32
	EndGlobalSection
	GlobalSection(SolutionProperties) = preSolution
		HideSolutionNode = FALSE
	EndGlobalSection
	GlobalSection(NestedProjects) = preSolution
		{4AA96F39-018A-4BE3-8262-58F23E136718} = {3D37DFBB-662D-4081-965F-67AA61C58CFD}
		{08C67D86-B660-499F-AA3B-217DB6EBA0D5} = {3D37DFBB-662D-4081-965F-67AA61C58CFD}
	EndGlobalSection
EndGlobal
